
Microsoft Visual Studio Solution File, Format Version 12.00
# Visual Studio Version 17
VisualStudioVersion = 17.6.33801.468
MinimumVisualStudioVersion = 10.0.40219.1
Project("{FAE04EC0-301F-11D3-BF4B-00C04F79EFBC}") = "BillManagement", "BillManagement\BillManagement.csproj", "{3440636D-F84B-49DB-802D-EC872F46198C}"
EndProject
Global
	GlobalSection(SolutionConfigurationPlatforms) = preSolution
		Debug|Any CPU = Debug|Any CPU
		Release|Any CPU = Release|Any CPU
	EndGlobalSection
	GlobalSection(ProjectConfigurationPlatforms) = postSolution
		{3440636D-F84B-49DB-802D-EC872F46198C}.Debug|Any CPU.ActiveCfg = Debug|Any CPU
		{3440636D-F84B-49DB-802D-EC872F46198C}.Debug|Any CPU.Build.0 = Debug|Any CPU
		{3440636D-F84B-49DB-802D-EC872F46198C}.Release|Any CPU.ActiveCfg = Release|Any CPU
		{3440636D-F84B-49DB-802D-EC872F46198C}.Release|Any CPU.Build.0 = Release|Any CPU
	EndGlobalSection
	GlobalSection(SolutionProperties) = preSolution
		HideSolutionNode = FALSE
	EndGlobalSection
	GlobalSection(ExtensibilityGlobals) = postSolution
		SolutionGuid = {32D6CDCC-393B-4509-8156-6CD793C16A98}
	EndGlobalSection
EndGlobal
